
Microsoft Visual Studio Solution File, Format Version 12.00
# Visual Studio 2013
VisualStudioVersion = 12.0.30723.0
MinimumVisualStudioVersion = 10.0.40219.1
Project("{FAE04EC0-301F-11D3-BF4B-00C04F79EFBC}") = "OsmSharp.Data.Oracle", "OsmSharp.Data.Oracle\OsmSharp.Data.Oracle.csproj", "{060B01E7-9314-41DD-BC17-65ED9E6A54FE}"
EndProject
Project("{FAE04EC0-301F-11D3-BF4B-00C04F79EFBC}") = "OsmSharp.Data.PostgreSQL", "OsmSharp.Data.PostgreSQL\OsmSharp.Data.PostgreSQL.csproj", "{A4D2E373-A9BD-4872-99A0-904E2E90C96E}"
EndProject
Project("{FAE04EC0-301F-11D3-BF4B-00C04F79EFBC}") = "OsmSharp.Data.SQLServer", "OsmSharp.Data.SQLServer\OsmSharp.Data.SQLServer.csproj", "{269551D7-97AC-464B-930E-1CD338DF790B}"
EndProject
Project("{FAE04EC0-301F-11D3-BF4B-00C04F79EFBC}") = "OsmSharp.Data.SQLite", "OsmSharp.Data.SQLite\OsmSharp.Data.SQLite.csproj", "{5C4BCE30-FBB8-408A-B702-33DFF5CC4A36}"
EndProject
Project("{FAE04EC0-301F-11D3-BF4B-00C04F79EFBC}") = "OsmSharp.Data.Redis", "OsmSharp.Data.Redis\OsmSharp.Data.Redis.csproj", "{9152A85F-61AC-486F-B5F6-E2C969132738}"
EndProject
Project("{FAE04EC0-301F-11D3-BF4B-00C04F79EFBC}") = "OsmSharp.Data.Test.Unittests", "OsmSharp.Data.Test.Unittests\OsmSharp.Data.Test.Unittests.csproj", "{EDBF254D-931A-4B3F-8062-56506AA56E1A}"
EndProject
Global
	GlobalSection(SolutionConfigurationPlatforms) = preSolution
		Debug|Any CPU = Debug|Any CPU
		Debug|x64 = Debug|x64
		Debug|x86 = Debug|x86
		Release x64|Any CPU = Release x64|Any CPU
		Release x64|x64 = Release x64|x64
		Release x64|x86 = Release x64|x86
		Release|Any CPU = Release|Any CPU
		Release|x64 = Release|x64
		Release|x86 = Release|x86
	EndGlobalSection
	GlobalSection(ProjectConfigurationPlatforms) = postSolution
		{060B01E7-9314-41DD-BC17-65ED9E6A54FE}.Debug|Any CPU.ActiveCfg = Debug|Any CPU
		{060B01E7-9314-41DD-BC17-65ED9E6A54FE}.Debug|Any CPU.Build.0 = Debug|Any CPU
		{060B01E7-9314-41DD-BC17-65ED9E6A54FE}.Debug|x64.ActiveCfg = Debug|x64
		{060B01E7-9314-41DD-BC17-65ED9E6A54FE}.Debug|x64.Build.0 = Debug|x64
		{060B01E7-9314-41DD-BC17-65ED9E6A54FE}.Debug|x86.ActiveCfg = Debug|x86
		{060B01E7-9314-41DD-BC17-65ED9E6A54FE}.Debug|x86.Build.0 = Debug|x86
		{060B01E7-9314-41DD-BC17-65ED9E6A54FE}.Release x64|Any CPU.ActiveCfg = Release x64|Any CPU
		{060B01E7-9314-41DD-BC17-65ED9E6A54FE}.Release x64|Any CPU.Build.0 = Release x64|Any CPU
		{060B01E7-9314-41DD-BC17-65ED9E6A54FE}.Release x64|x64.ActiveCfg = Release x64|x64
		{060B01E7-9314-41DD-BC17-65ED9E6A54FE}.Release x64|x64.Build.0 = Release x64|x64
		{060B01E7-9314-41DD-BC17-65ED9E6A54FE}.Release x64|x86.ActiveCfg = Release x64|x86
		{060B01E7-9314-41DD-BC17-65ED9E6A54FE}.Release x64|x86.Build.0 = Release x64|x86
		{060B01E7-9314-41DD-BC17-65ED9E6A54FE}.Release|Any CPU.ActiveCfg = Release|Any CPU
		{060B01E7-9314-41DD-BC17-65ED9E6A54FE}.Release|Any CPU.Build.0 = Release|Any CPU
		{060B01E7-9314-41DD-BC17-65ED9E6A54FE}.Release|x64.ActiveCfg = Release|x64
		{060B01E7-9314-41DD-BC17-65ED9E6A54FE}.Release|x64.Build.0 = Release|x64
		{060B01E7-9314-41DD-BC17-65ED9E6A54FE}.Release|x86.ActiveCfg = Release|x86
		{060B01E7-9314-41DD-BC17-65ED9E6A54FE}.Release|x86.Build.0 = Release|x86
		{A4D2E373-A9BD-4872-99A0-904E2E90C96E}.Debug|Any CPU.ActiveCfg = Debug|Any CPU
		{A4D2E373-A9BD-4872-99A0-904E2E90C96E}.Debug|Any CPU.Build.0 = Debug|Any CPU
		{A4D2E373-A9BD-4872-99A0-904E2E90C96E}.Debug|x64.ActiveCfg = Debug|x64
		{A4D2E373-A9BD-4872-99A0-904E2E90C96E}.Debug|x64.Build.0 = Debug|x64
		{A4D2E373-A9BD-4872-99A0-904E2E90C96E}.Debug|x86.ActiveCfg = Debug|x86
		{A4D2E373-A9BD-4872-99A0-904E2E90C96E}.Debug|x86.Build.0 = Debug|x86
		{A4D2E373-A9BD-4872-99A0-904E2E90C96E}.Release x64|Any CPU.ActiveCfg = Release x64|Any CPU
		{A4D2E373-A9BD-4872-99A0-904E2E90C96E}.Release x64|Any CPU.Build.0 = Release x64|Any CPU
		{A4D2E373-A9BD-4872-99A0-904E2E90C96E}.Release x64|x64.ActiveCfg = Release x64|x64
		{A4D2E373-A9BD-4872-99A0-904E2E90C96E}.Release x64|x64.Build.0 = Release x64|x64
		{A4D2E373-A9BD-4872-99A0-904E2E90C96E}.Release x64|x86.ActiveCfg = Release x64|x86
		{A4D2E373-A9BD-4872-99A0-904E2E90C96E}.Release x64|x86.Build.0 = Release x64|x86
		{A4D2E373-A9BD-4872-99A0-904E2E90C96E}.Release|Any CPU.ActiveCfg = Release|Any CPU
		{A4D2E373-A9BD-4872-99A0-904E2E90C96E}.Release|Any CPU.Build.0 = Release|Any CPU
		{A4D2E373-A9BD-4872-99A0-904E2E90C96E}.Release|x64.ActiveCfg = Release|x64
		{A4D2E373-A9BD-4872-99A0-904E2E90C96E}.Release|x64.Build.0 = Release|x64
		{A4D2E373-A9BD-4872-99A0-904E2E90C96E}.Release|x86.ActiveCfg = Release|x86
		{A4D2E373-A9BD-4872-99A0-904E2E90C96E}.Release|x86.Build.0 = Release|x86
		{269551D7-97AC-464B-930E-1CD338DF790B}.Debug|Any CPU.ActiveCfg = Debug|Any CPU
		{269551D7-97AC-464B-930E-1CD338DF790B}.Debug|Any CPU.Build.0 = Debug|Any CPU
		{269551D7-97AC-464B-930E-1CD338DF790B}.Debug|x64.ActiveCfg = Debug|x64
		{269551D7-97AC-464B-930E-1CD338DF790B}.Debug|x64.Build.0 = Debug|x64
		{269551D7-97AC-464B-930E-1CD338DF790B}.Debug|x86.ActiveCfg = Debug|x86
		{269551D7-97AC-464B-930E-1CD338DF790B}.Debug|x86.Build.0 = Debug|x86
		{269551D7-97AC-464B-930E-1CD338DF790B}.Release x64|Any CPU.ActiveCfg = Release|Any CPU
		{269551D7-97AC-464B-930E-1CD338DF790B}.Release x64|Any CPU.Build.0 = Release|Any CPU
		{269551D7-97AC-464B-930E-1CD338DF790B}.Release x64|x64.ActiveCfg = Release|x64
		{269551D7-97AC-464B-930E-1CD338DF790B}.Release x64|x64.Build.0 = Release|x64
		{269551D7-97AC-464B-930E-1CD338DF790B}.Release x64|x86.ActiveCfg = Release|x86
		{269551D7-97AC-464B-930E-1CD338DF790B}.Release x64|x86.Build.0 = Release|x86
		{269551D7-97AC-464B-930E-1CD338DF790B}.Release|Any CPU.ActiveCfg = Release|Any CPU
		{269551D7-97AC-464B-930E-1CD338DF790B}.Release|Any CPU.Build.0 = Release|Any CPU
		{269551D7-97AC-464B-930E-1CD338DF790B}.Release|x64.ActiveCfg = Release|x64
		{269551D7-97AC-464B-930E-1CD338DF790B}.Release|x64.Build.0 = Release|x64
		{269551D7-97AC-464B-930E-1CD338DF790B}.Release|x86.ActiveCfg = Release|x86
		{269551D7-97AC-464B-930E-1CD338DF790B}.Release|x86.Build.0 = Release|x86
		{5C4BCE30-FBB8-408A-B702-33DFF5CC4A36}.Debug|Any CPU.ActiveCfg = Debug|Any CPU
		{5C4BCE30-FBB8-408A-B702-33DFF5CC4A36}.Debug|Any CPU.Build.0 = Debug|Any CPU
		{5C4BCE30-FBB8-408A-B702-33DFF5CC4A36}.Debug|x64.ActiveCfg = Debug|x64
		{5C4BCE30-FBB8-408A-B702-33DFF5CC4A36}.Debug|x64.Build.0 = Debug|x64
		{5C4BCE30-FBB8-408A-B702-33DFF5CC4A36}.Debug|x86.ActiveCfg = Debug|x86
		{5C4BCE30-FBB8-408A-B702-33DFF5CC4A36}.Debug|x86.Build.0 = Debug|x86
		{5C4BCE30-FBB8-408A-B702-33DFF5CC4A36}.Release x64|Any CPU.ActiveCfg = Release|Any CPU
		{5C4BCE30-FBB8-408A-B702-33DFF5CC4A36}.Release x64|Any CPU.Build.0 = Release|Any CPU
		{5C4BCE30-FBB8-408A-B702-33DFF5CC4A36}.Release x64|x64.ActiveCfg = Release|x64
		{5C4BCE30-FBB8-408A-B702-33DFF5CC4A36}.Release x64|x64.Build.0 = Release|x64
		{5C4BCE30-FBB8-408A-B702-33DFF5CC4A36}.Release x64|x86.ActiveCfg = Release|x86
		{5C4BCE30-FBB8-408A-B702-33DFF5CC4A36}.Release x64|x86.Build.0 = Release|x86
		{5C4BCE30-FBB8-408A-B702-33DFF5CC4A36}.Release|Any CPU.ActiveCfg = Release|Any CPU
		{5C4BCE30-FBB8-408A-B702-33DFF5CC4A36}.Release|Any CPU.Build.0 = Release|Any CPU
		{5C4BCE30-FBB8-408A-B702-33DFF5CC4A36}.Release|x64.ActiveCfg = Release|x64
		{5C4BCE30-FBB8-408A-B702-33DFF5CC4A36}.Release|x64.Build.0 = Release|x64
		{5C4BCE30-FBB8-408A-B702-33DFF5CC4A36}.Release|x86.ActiveCfg = Release|x86
		{5C4BCE30-FBB8-408A-B702-33DFF5CC4A36}.Release|x86.Build.0 = Release|x86
		{9152A85F-61AC-486F-B5F6-E2C969132738}.Debug|Any CPU.ActiveCfg = Debug|Any CPU
		{9152A85F-61AC-486F-B5F6-E2C969132738}.Debug|Any CPU.Build.0 = Debug|Any CPU
		{9152A85F-61AC-486F-B5F6-E2C969132738}.Debug|x64.ActiveCfg = Debug|x64
		{9152A85F-61AC-486F-B5F6-E2C969132738}.Debug|x64.Build.0 = Debug|x64
		{9152A85F-61AC-486F-B5F6-E2C969132738}.Debug|x86.ActiveCfg = Debug|x86
		{9152A85F-61AC-486F-B5F6-E2C969132738}.Debug|x86.Build.0 = Debug|x86
		{9152A85F-61AC-486F-B5F6-E2C969132738}.Release x64|Any CPU.ActiveCfg = Release x64|Any CPU
		{9152A85F-61AC-486F-B5F6-E2C969132738}.Release x64|Any CPU.Build.0 = Release x64|Any CPU
		{9152A85F-61AC-486F-B5F6-E2C969132738}.Release x64|x64.ActiveCfg = Release x64|x64
		{9152A85F-61AC-486F-B5F6-E2C969132738}.Release x64|x64.Build.0 = Release x64|x64
		{9152A85F-61AC-486F-B5F6-E2C969132738}.Release x64|x86.ActiveCfg = Release x64|x86
		{9152A85F-61AC-486F-B5F6-E2C969132738}.Release x64|x86.Build.0 = Release x64|x86
		{9152A85F-61AC-486F-B5F6-E2C969132738}.Release|Any CPU.ActiveCfg = Release|Any CPU
		{9152A85F-61AC-486F-B5F6-E2C969132738}.Release|Any CPU.Build.0 = Release|Any CPU
		{9152A85F-61AC-486F-B5F6-E2C969132738}.Release|x64.ActiveCfg = Release|x64
		{9152A85F-61AC-486F-B5F6-E2C969132738}.Release|x64.Build.0 = Release|x64
		{9152A85F-61AC-486F-B5F6-E2C969132738}.Release|x86.ActiveCfg = Release|x86
		{9152A85F-61AC-486F-B5F6-E2C969132738}.Release|x86.Build.0 = Release|x86
		{EDBF254D-931A-4B3F-8062-56506AA56E1A}.Debug|Any CPU.ActiveCfg = Debug|Any CPU
		{EDBF254D-931A-4B3F-8062-56506AA56E1A}.Debug|Any CPU.Build.0 = Debug|Any CPU
		{EDBF254D-931A-4B3F-8062-56506AA56E1A}.Debug|x64.ActiveCfg = Debug|x64
		{EDBF254D-931A-4B3F-8062-56506AA56E1A}.Debug|x64.Build.0 = Debug|x64
		{EDBF254D-931A-4B3F-8062-56506AA56E1A}.Debug|x86.ActiveCfg = Debug|x86
		{EDBF254D-931A-4B3F-8062-56506AA56E1A}.Debug|x86.Build.0 = Debug|x86
		{EDBF254D-931A-4B3F-8062-56506AA56E1A}.Release x64|Any CPU.ActiveCfg = Release|Any CPU
		{EDBF254D-931A-4B3F-8062-56506AA56E1A}.Release x64|Any CPU.Build.0 = Release|Any CPU
		{EDBF254D-931A-4B3F-8062-56506AA56E1A}.Release x64|x64.ActiveCfg = Release|x64
		{EDBF254D-931A-4B3F-8062-56506AA56E1A}.Release x64|x64.Build.0 = Release|x64
		{EDBF254D-931A-4B3F-8062-56506AA56E1A}.Release x64|x86.ActiveCfg = Release|x86
		{EDBF254D-931A-4B3F-8062-56506AA56E1A}.Release x64|x86.Build.0 = Release|x86
		{EDBF254D-931A-4B3F-8062-56506AA56E1A}.Release|Any CPU.ActiveCfg = Release|Any CPU
		{EDBF254D-931A-4B3F-8062-56506AA56E1A}.Release|Any CPU.Build.0 = Release|Any CPU
		{EDBF254D-931A-4B3F-8062-56506AA56E1A}.Release|x64.ActiveCfg = Release|x64
		{EDBF254D-931A-4B3F-8062-56506AA56E1A}.Release|x64.Build.0 = Release|x64
		{EDBF254D-931A-4B3F-8062-56506AA56E1A}.Release|x86.ActiveCfg = Release|x86
		{EDBF254D-931A-4B3F-8062-56506AA56E1A}.Release|x86.Build.0 = Release|x86
	EndGlobalSection
	GlobalSection(SolutionProperties) = preSolution
		HideSolutionNode = FALSE
	EndGlobalSection
	GlobalSection(MonoDevelopProperties) = preSolution
		StartupItem = OsmSharp.WinForms.UI.Sample\OsmSharp.WinForms.UI.Sample.csproj
	EndGlobalSection
EndGlobal
